TOKEN_BLOCK:
  requires:
    - ADR_0024_COMPLIANT_PATHS
    - FOREGROUND_SUPERVISION_OK
    - INTERNAL_BROKER_HOST_OK
    - BLE_SESSION_WATCHDOG_OK
    - EVIDENCE_FIRST_OK
  accepted:
    - B1_BLE_LINK_OK
    - B2_CMD_SCHEMA_WIRED_OK
    - B3_SAFETY_ESTOP_OK
    - B4_LED_PRESETS_OK
    - B5_E2E_DEMO_OK
  drift: []
